
Microsoft Visual Studio Solution File, Format Version 12.00
# Visual Studio Version 16
VisualStudioVersion = 16.0.30503.244
MinimumVisualStudioVersion = 10.0.40219.1
Project("{FAE04EC0-301F-11D3-BF4B-00C04F79EFBC}") = "EffigyMaker.CLI", "CLI\EffigyMaker.CLI.csproj", "{3B40855C-D23E-41BC-BF6E-4C4865AF653B}"
EndProject
Project("{FAE04EC0-301F-11D3-BF4B-00C04F79EFBC}") = "EffigyMaker.Core", "Core\EffigyMaker.Core.csproj", "{B987FD85-0D9C-4E2A-B3A1-5288C8F55D71}"
EndProject
Global
	GlobalSection(SolutionConfigurationPlatforms) = preSolution
		Debug|Any CPU = Debug|Any CPU
		Release|Any CPU = Release|Any CPU
	EndGlobalSection
	GlobalSection(ProjectConfigurationPlatforms) = postSolution
		{3B40855C-D23E-41BC-BF6E-4C4865AF653B}.Debug|Any CPU.ActiveCfg = Debug|Any CPU
		{3B40855C-D23E-41BC-BF6E-4C4865AF653B}.Debug|Any CPU.Build.0 = Debug|Any CPU
		{3B40855C-D23E-41BC-BF6E-4C4865AF653B}.Release|Any CPU.ActiveCfg = Release|Any CPU
		{3B40855C-D23E-41BC-BF6E-4C4865AF653B}.Release|Any CPU.Build.0 = Release|Any CPU
		{B987FD85-0D9C-4E2A-B3A1-5288C8F55D71}.Debug|Any CPU.ActiveCfg = Debug|Any CPU
		{B987FD85-0D9C-4E2A-B3A1-5288C8F55D71}.Debug|Any CPU.Build.0 = Debug|Any CPU
		{B987FD85-0D9C-4E2A-B3A1-5288C8F55D71}.Release|Any CPU.ActiveCfg = Release|Any CPU
		{B987FD85-0D9C-4E2A-B3A1-5288C8F55D71}.Release|Any CPU.Build.0 = Release|Any CPU
	EndGlobalSection
	GlobalSection(SolutionProperties) = preSolution
		HideSolutionNode = FALSE
	EndGlobalSection
	GlobalSection(ExtensibilityGlobals) = postSolution
		SolutionGuid = {56644C22-48BA-4DD3-B239-38554A605452}
	EndGlobalSection
EndGlobal
